<?xml version="1.0" encoding="UTF-8"?>
<CONFIG>
  <ProjectOptions>
    <Version Value="11"/>
    <General>
      <Flags>
        <LRSInOutputDirectory Value="False"/>
      </Flags>
      <MainUnit Value="0"/>
      <Title Value="PyMinMod"/>
      <Scaled Value="True"/>
      <UseAppBundle Value="False"/>
    </General>
    <BuildModes Count="1">
      <Item1 Name="default" Default="True"/>
    </BuildModes>
    <PublishOptions>
      <Version Value="2"/>
    </PublishOptions>
    <RunParams>
      <FormatVersion Value="2"/>
      <Modes Count="1">
        <Mode0 Name="default">
          <local>
            <LaunchingApplication PathPlusParams="/usr/X11R6/bin/xterm -T 'Lazarus Run Output' -e $(LazarusDir)/tools/runwait.sh $(TargetCmdLine)"/>
          </local>
        </Mode0>
      </Modes>
    </RunParams>
    <RequiredPackages Count="1">
      <Item1>
        <PackageName Value="LCL"/>
      </Item1>
    </RequiredPackages>
    <Units Count="6">
      <Unit0>
        <Filename Value="PyMinMod.lpr"/>
        <IsPartOfProject Value="True"/>
        <IsVisibleTab Value="True"/>
        <EditorIndex Value="1"/>
        <TopLine Value="61"/>
        <CursorPos X="13" Y="52"/>
        <UsageCount Value="26"/>
        <Loaded Value="True"/>
        <LoadedDesigner Value="True"/>
      </Unit0>
      <Unit1>
        <Filename Value="PyAPI.pas"/>
        <IsPartOfProject Value="True"/>
        <TopLine Value="36"/>
        <CursorPos X="10" Y="93"/>
        <UsageCount Value="26"/>
        <Loaded Value="True"/>
      </Unit1>
      <Unit2>
        <Filename Value="PyMinMod.lpi"/>
        <EditorIndex Value="-1"/>
        <UsageCount Value="10"/>
        <DefaultSyntaxHighlighter Value="XML"/>
      </Unit2>
      <Unit3>
        <Filename Value="../Demo08/unit1.pas"/>
        <UnitName Value="Unit1"/>
        <EditorIndex Value="-1"/>
        <TopLine Value="341"/>
        <UsageCount Value="10"/>
      </Unit3>
      <Unit4>
        <Filename Value="../Demo09/module.pas"/>
        <EditorIndex Value="-1"/>
        <TopLine Value="30"/>
        <CursorPos X="16" Y="41"/>
        <UsageCount Value="10"/>
      </Unit4>
      <Unit5>
        <Filename Value="../Demo09/demodll.lpr"/>
        <EditorIndex Value="-1"/>
        <UsageCount Value="10"/>
      </Unit5>
    </Units>
    <JumpHistory Count="8" HistoryIndex="7">
      <Position1>
        <Filename Value="PyMinMod.lpr"/>
        <Caret Line="60" Column="23" TopLine="43"/>
      </Position1>
      <Position2>
        <Filename Value="PyMinMod.lpr"/>
        <Caret Line="103" Column="3" TopLine="60"/>
      </Position2>
      <Position3>
        <Filename Value="PyMinMod.lpr"/>
        <Caret Line="80" Column="26" TopLine="61"/>
      </Position3>
      <Position4>
        <Filename Value="PyMinMod.lpr"/>
        <Caret Line="103" Column="18" TopLine="61"/>
      </Position4>
      <Position5>
        <Filename Value="PyAPI.pas"/>
        <Caret Line="78" Column="52" TopLine="51"/>
      </Position5>
      <Position6>
        <Filename Value="PyAPI.pas"/>
        <Caret Line="79" Column="97" TopLine="51"/>
      </Position6>
      <Position7>
        <Filename Value="PyAPI.pas"/>
        <Caret Line="81" Column="44" TopLine="42"/>
      </Position7>
      <Position8>
        <Filename Value="PyMinMod.lpr"/>
        <Caret Line="95" Column="25"/>
      </Position8>
    </JumpHistory>
  </ProjectOptions>
  <CompilerOptions>
    <Version Value="11"/>
    <Target>
      <Filename Value="PyMinMod.so" ApplyConventions="False"/>
    </Target>
    <Parsing>
      <SyntaxOptions>
        <SyntaxMode Value="fpc"/>
        <CStyleOperator Value="False"/>
        <AllowLabel Value="False"/>
        <CPPInline Value="False"/>
        <UseAnsiStrings Value="False"/>
      </SyntaxOptions>
    </Parsing>
    <CodeGeneration>
      <Checks>
        <IOChecks Value="True"/>
        <RangeChecks Value="True"/>
        <OverflowChecks Value="True"/>
        <StackChecks Value="True"/>
      </Checks>
      <Optimizations>
        <OptimizationLevel Value="3"/>
      </Optimizations>
    </CodeGeneration>
    <Linking>
      <Options>
        <Win32>
          <GraphicApplication Value="True"/>
        </Win32>
        <ExecutableType Value="Library"/>
      </Options>
    </Linking>
    <Other>
      <CustomOptions Value="-Sd"/>
    </Other>
  </CompilerOptions>
  <Debugging>
    <Exceptions Count="2">
      <Item1>
        <Name Value="ECodetoolError"/>
      </Item1>
      <Item2>
        <Name Value="EFOpenError"/>
      </Item2>
    </Exceptions>
  </Debugging>
</CONFIG>
